
Microsoft Visual Studio Solution File, Format Version 12.00
# Visual Studio 14
VisualStudioVersion = 14.0.25420.1
MinimumVisualStudioVersion = 10.0.40219.1
Project("{FAE04EC0-301F-11D3-BF4B-00C04F79EFBC}") = "BgTaxi.Web", "BgTaxi\BgTaxi.Web.csproj", "{CC1804C6-ADB0-417A-9423-2C88D81AE895}"
EndProject
Project("{FAE04EC0-301F-11D3-BF4B-00C04F79EFBC}") = "BgTaxi.Models", "BgTaksi.Models\BgTaxi.Models.csproj", "{68A3B102-7C40-4B33-B229-5B579A742D85}"
EndProject
Global
	GlobalSection(SolutionConfigurationPlatforms) = preSolution
		Debug|Any CPU = Debug|Any CPU
		Release|Any CPU = Release|Any CPU
	EndGlobalSection
	GlobalSection(ProjectConfigurationPlatforms) = postSolution
		{CC1804C6-ADB0-417A-9423-2C88D81AE895}.Debug|Any CPU.ActiveCfg = Debug|Any CPU
		{CC1804C6-ADB0-417A-9423-2C88D81AE895}.Debug|Any CPU.Build.0 = Debug|Any CPU
		{CC1804C6-ADB0-417A-9423-2C88D81AE895}.Release|Any CPU.ActiveCfg = Release|Any CPU
		{CC1804C6-ADB0-417A-9423-2C88D81AE895}.Release|Any CPU.Build.0 = Release|Any CPU
		{68A3B102-7C40-4B33-B229-5B579A742D85}.Debug|Any CPU.ActiveCfg = Debug|Any CPU
		{68A3B102-7C40-4B33-B229-5B579A742D85}.Debug|Any CPU.Build.0 = Debug|Any CPU
		{68A3B102-7C40-4B33-B229-5B579A742D85}.Release|Any CPU.ActiveCfg = Release|Any CPU
		{68A3B102-7C40-4B33-B229-5B579A742D85}.Release|Any CPU.Build.0 = Release|Any CPU
	EndGlobalSection
	GlobalSection(SolutionProperties) = preSolution
		HideSolutionNode = FALSE
	EndGlobalSection
EndGlobal
